
Microsoft Visual Studio Solution File, Format Version 12.00
# Visual Studio Version 16
VisualStudioVersion = 16.0.31205.134
MinimumVisualStudioVersion = 10.0.40219.1
Project("{9A19103F-16F7-4668-BE54-9A1E7A4F7556}") = "MyBlog.WebUI", "MyBlog.WebUI\MyBlog.WebUI.csproj", "{C1FB1C6A-CC2B-4974-9F9F-A735CFCC275D}"
EndProject
Project("{FAE04EC0-301F-11D3-BF4B-00C04F79EFBC}") = "MyBlog.Entities", "MyBlog.Entities\MyBlog.Entities.csproj", "{F7968CC3-DA25-4083-80D8-41FA9E74872A}"
EndProject
Project("{FAE04EC0-301F-11D3-BF4B-00C04F79EFBC}") = "MyBlog.DataAccess", "MyBlog.DataAccess\MyBlog.DataAccess.csproj", "{7A8F262D-78A6-400E-A32B-6A01CA08DDAC}"
EndProject
Global
	GlobalSection(SolutionConfigurationPlatforms) = preSolution
		Debug|Any CPU = Debug|Any CPU
		Release|Any CPU = Release|Any CPU
	EndGlobalSection
	GlobalSection(ProjectConfigurationPlatforms) = postSolution
		{C1FB1C6A-CC2B-4974-9F9F-A735CFCC275D}.Debug|Any CPU.ActiveCfg = Debug|Any CPU
		{C1FB1C6A-CC2B-4974-9F9F-A735CFCC275D}.Debug|Any CPU.Build.0 = Debug|Any CPU
		{C1FB1C6A-CC2B-4974-9F9F-A735CFCC275D}.Release|Any CPU.ActiveCfg = Release|Any CPU
		{C1FB1C6A-CC2B-4974-9F9F-A735CFCC275D}.Release|Any CPU.Build.0 = Release|Any CPU
		{F7968CC3-DA25-4083-80D8-41FA9E74872A}.Debug|Any CPU.ActiveCfg = Debug|Any CPU
		{F7968CC3-DA25-4083-80D8-41FA9E74872A}.Debug|Any CPU.Build.0 = Debug|Any CPU
		{F7968CC3-DA25-4083-80D8-41FA9E74872A}.Release|Any CPU.ActiveCfg = Release|Any CPU
		{F7968CC3-DA25-4083-80D8-41FA9E74872A}.Release|Any CPU.Build.0 = Release|Any CPU
		{7A8F262D-78A6-400E-A32B-6A01CA08DDAC}.Debug|Any CPU.ActiveCfg = Debug|Any CPU
		{7A8F262D-78A6-400E-A32B-6A01CA08DDAC}.Debug|Any CPU.Build.0 = Debug|Any CPU
		{7A8F262D-78A6-400E-A32B-6A01CA08DDAC}.Release|Any CPU.ActiveCfg = Release|Any CPU
		{7A8F262D-78A6-400E-A32B-6A01CA08DDAC}.Release|Any CPU.Build.0 = Release|Any CPU
	EndGlobalSection
	GlobalSection(SolutionProperties) = preSolution
		HideSolutionNode = FALSE
	EndGlobalSection
	GlobalSection(ExtensibilityGlobals) = postSolution
		SolutionGuid = {CB5F37B5-2B1C-419F-AB77-9C75982B7D09}
	EndGlobalSection
EndGlobal
